
Microsoft Visual Studio Solution File, Format Version 12.00
# Visual Studio 15
VisualStudioVersion = 15.0.28010.2041
MinimumVisualStudioVersion = 10.0.40219.1
Project("{9A19103F-16F7-4668-BE54-9A1E7A4F7556}") = "ServerlessSlackQueue", "ServerlessSlackQueue\ServerlessSlackQueue.csproj", "{10A99B61-3A00-48D1-AE35-A3504BBB2338}"
EndProject
Global
	GlobalSection(SolutionConfigurationPlatforms) = preSolution
		Debug|Any CPU = Debug|Any CPU
		Release|Any CPU = Release|Any CPU
	EndGlobalSection
	GlobalSection(ProjectConfigurationPlatforms) = postSolution
		{10A99B61-3A00-48D1-AE35-A3504BBB2338}.Debug|Any CPU.ActiveCfg = Debug|Any CPU
		{10A99B61-3A00-48D1-AE35-A3504BBB2338}.Debug|Any CPU.Build.0 = Debug|Any CPU
		{10A99B61-3A00-48D1-AE35-A3504BBB2338}.Release|Any CPU.ActiveCfg = Release|Any CPU
		{10A99B61-3A00-48D1-AE35-A3504BBB2338}.Release|Any CPU.Build.0 = Release|Any CPU
	EndGlobalSection
	GlobalSection(SolutionProperties) = preSolution
		HideSolutionNode = FALSE
	EndGlobalSection
	GlobalSection(ExtensibilityGlobals) = postSolution
		SolutionGuid = {DF814928-FB03-49FD-ACFF-DA84F8008F96}
	EndGlobalSection
EndGlobal
